
Microsoft Visual Studio Solution File, Format Version 12.00
# Visual Studio Version 16
VisualStudioVersion = 25.0.1700.7
MinimumVisualStudioVersion = 10.0.40219.1
Project("{FAE04EC0-301F-11D3-BF4B-00C04F79EFBC}") = "manoj", "manoj.csproj", "{577C320F-04E9-4C20-B35E-B69527DBA6BC}"
EndProject
Global
	GlobalSection(SolutionConfigurationPlatforms) = preSolution
		Debug|Any CPU = Debug|Any CPU
		Release|Any CPU = Release|Any CPU
	EndGlobalSection
	GlobalSection(ProjectConfigurationPlatforms) = postSolution
		{577C320F-04E9-4C20-B35E-B69527DBA6BC}.Debug|Any CPU.ActiveCfg = Debug|Any CPU
		{577C320F-04E9-4C20-B35E-B69527DBA6BC}.Debug|Any CPU.Build.0 = Debug|Any CPU
		{577C320F-04E9-4C20-B35E-B69527DBA6BC}.Release|Any CPU.ActiveCfg = Release|Any CPU
		{577C320F-04E9-4C20-B35E-B69527DBA6BC}.Release|Any CPU.Build.0 = Release|Any CPU
	EndGlobalSection
	GlobalSection(SolutionProperties) = preSolution
		HideSolutionNode = FALSE
	EndGlobalSection
	GlobalSection(ExtensibilityGlobals) = postSolution
		SolutionGuid = {E34CD269-F203-4FDC-89B0-61B1B2520998}
	EndGlobalSection
EndGlobal
